# This file is automatically @generated by Poetry 1.7.1 and should not be changed by hand.

[[package]]
name = "anytree"
version = "2.12.1"
description = "Powerful and Lightweight Python Tree Data Structure with various plugins"
optional = false
python-versions = ">=3.7.2,<4"
files = [
    {file = "anytree-2.12.1-py3-none-any.whl", hash = "sha256:5ea9e61caf96db1e5b3d0a914378d2cd83c269dfce1fb8242ce96589fa3382f0"},
    {file = "anytree-2.12.1.tar.gz", hash = "sha256:244def434ccf31b668ed282954e5d315b4e066c4940b94aff4a7962d85947830"},
]

[package.dependencies]
six = "*"

[[package]]
name = "asttokens"
version = "2.4.1"
description = "Annotate AST trees with source code positions"
optional = false
python-versions = "*"
files = [
    {file = "asttokens-2.4.1-py2.py3-none-any.whl", hash = "sha256:051ed49c3dcae8913ea7cd08e46a606dba30b79993209636c4875bc1d637bc24"},
    {file = "asttokens-2.4.1.tar.gz", hash = "sha256:b03869718ba9a6eb027e134bfdf69f38a236d681c83c160d510768af11254ba0"},
]

[package.dependencies]
six = ">=1.12.0"

[package.extras]
astroid = ["astroid (>=1,<2)", "astroid (>=2,<4)"]
test = ["astroid (>=1,<2)", "astroid (>=2,<4)", "pytest"]

[[package]]
name = "build123d"
version = "0.5.0"
description = "A python CAD programming library"
optional = false
python-versions = ">=3.9"
files = [
    {file = "build123d-0.5.0-py3-none-any.whl", hash = "sha256:d0a4e82cdb0e53ef21fca8d2c84124351d7c7070077b5efa173d789002c8194c"},
]

[package.dependencies]
anytree = ">=2.8.0,<3"
cadquery-ocp = ">=7.7.0"
ezdxf = ">=1.0.0,<2"
ipython = ">=8.0.0,<9"
numpy = ">=1.24.1,<2"
numpy-stl = ">=3.0.0,<4"
ocpsvg = "*"
py-lib3mf = ">=2.3.1"
svgpathtools = ">=1.5.1,<2"
trianglesolver = "*"
typing-extensions = ">=4.6.0,<5"

[[package]]
name = "cadquery-ocp"
version = "7.7.2"
description = "OCP+VTK wheel with shared library dependencies bundled."
optional = false
python-versions = "*"
files = [
    {file = "cadquery_ocp-7.7.2-cp310-cp310-macosx_10_9_x86_64.whl", hash = "sha256:7f2faf716855f9a8372493e001e6e318da75b046472e7ee69881d2a4e6b65a04"},
    {file = "cadquery_ocp-7.7.2-cp310-cp310-manylinux_2_35_x86_64.whl", hash = "sha256:35e2c8ca923e4ba77b833357eb14c7e8a939f17285ef6acde7c26961989a8dfe"},
    {file = "cadquery_ocp-7.7.2-cp310-cp310-win_amd64.whl", hash = "sha256:4fc230711d52a9e7d71ab4c79c957287c7f2f85e5f09e036b573e6851df4d1ba"},
    {file = "cadquery_ocp-7.7.2-cp311-cp311-macosx_10_9_x86_64.whl", hash = "sha256:488401fa4d070e3eb17729fb8b6494bd3577f0913c4e901e674c4d8fcd9ac1fe"},
    {file = "cadquery_ocp-7.7.2-cp311-cp311-manylinux_2_35_x86_64.whl", hash = "sha256:2be9408551c03e1c715e3b158b41ce458178ecf530ba644e3e884a5989feb611"},
    {file = "cadquery_ocp-7.7.2-cp311-cp311-win_amd64.whl", hash = "sha256:8e1f90250924ac50344bf0867e3d9a927f077583351b270b4e0e171033dd2046"},
    {file = "cadquery_ocp-7.7.2-cp312-cp312-macosx_10_9_x86_64.whl", hash = "sha256:78a7903267cd9986181b634a315ca66fac1bb9e6dbfaf60724d812b3a2cc77bf"},
    {file = "cadquery_ocp-7.7.2-cp312-cp312-manylinux_2_35_x86_64.whl", hash = "sha256:7ac2d83b4f4b3d7c35421a1d9f8fec2adc73b6ed6cac50c1ffcede5552e38e9b"},
    {file = "cadquery_ocp-7.7.2-cp312-cp312-win_amd64.whl", hash = "sha256:d9e5c8ef5aeb1d3fb8f0b207ed1a2b781d22dc3e9b9c0551f52342f5a6ee7fc5"},
    {file = "cadquery_ocp-7.7.2-cp38-cp38-macosx_10_9_x86_64.whl", hash = "sha256:7134e629559ba110a4d0cda53cb6a30c0af52524f7a6151e772d4b720ef508be"},
    {file = "cadquery_ocp-7.7.2-cp38-cp38-manylinux_2_35_x86_64.whl", hash = "sha256:73183f141514e507c45a1e4ba1d25f1fdc604b20dd42bed7c8168f468632686b"},
    {file = "cadquery_ocp-7.7.2-cp38-cp38-win_amd64.whl", hash = "sha256:9e40840e1f4da5e0a8f1eb2168efc33ae65ac8e046c27a49936a2e9931fc1711"},
    {file = "cadquery_ocp-7.7.2-cp39-cp39-macosx_10_9_x86_64.whl", hash = "sha256:3f6750c84f8af930f366ad22397141f3c332c39fb826edf3fe26c4e6938690f7"},
    {file = "cadquery_ocp-7.7.2-cp39-cp39-manylinux_2_35_x86_64.whl", hash = "sha256:9f6c601d1db66353f0ef7c63fde70411573e917c16fb4c7cb5d92ed85b72f154"},
    {file = "cadquery_ocp-7.7.2-cp39-cp39-win_amd64.whl", hash = "sha256:feea223eaa2dfa33684f568b5ba2b02c35e96b5d894014f98927b5c08041a6be"},
]

[[package]]
name = "colorama"
version = "0.4.6"
description = "Cross-platform colored terminal text."
optional = false
python-versions = "!=3.0.*,!=3.1.*,!=3.2.*,!=3.3.*,!=3.4.*,!=3.5.*,!=3.6.*,>=2.7"
files = [
    {file = "colorama-0.4.6-py2.py3-none-any.whl", hash = "sha256:4f1d9991f5acc0ca119f9d443620b77f9d6b33703e51011c16baf57afb285fc6"},
    {file = "colorama-0.4.6.tar.gz", hash = "sha256:08695f5cb7ed6e0531a20572697297273c47b8cae5a63ffc6d6ed5c201be6e44"},
]

[[package]]
name = "decorator"
version = "5.1.1"
description = "Decorators for Humans"
optional = false
python-versions = ">=3.5"
files = [
    {file = "decorator-5.1.1-py3-none-any.whl", hash = "sha256:b8c3f85900b9dc423225913c5aace94729fe1fa9763b38939a95226f02d37186"},
    {file = "decorator-5.1.1.tar.gz", hash = "sha256:637996211036b6385ef91435e4fae22989472f9d571faba8927ba8253acbc330"},
]

[[package]]
name = "exceptiongroup"
version = "1.2.1"
description = "Backport of PEP 654 (exception groups)"
optional = false
python-versions = ">=3.7"
files = [
    {file = "exceptiongroup-1.2.1-py3-none-any.whl", hash = "sha256:5258b9ed329c5bbdd31a309f53cbfb0b155341807f6ff7606a1e801a891b29ad"},
    {file = "exceptiongroup-1.2.1.tar.gz", hash = "sha256:a4785e48b045528f5bfe627b6ad554ff32def154f42372786903b7abcfe1aa16"},
]

[package.extras]
test = ["pytest (>=6)"]

[[package]]
name = "executing"
version = "2.0.1"
description = "Get the currently executing AST node of a frame, and other information"
optional = false
python-versions = ">=3.5"
files = [
    {file = "executing-2.0.1-py2.py3-none-any.whl", hash = "sha256:eac49ca94516ccc753f9fb5ce82603156e590b27525a8bc32cce8ae302eb61bc"},
    {file = "executing-2.0.1.tar.gz", hash = "sha256:35afe2ce3affba8ee97f2d69927fa823b08b472b7b994e36a52a964b93d16147"},
]

[package.extras]
tests = ["asttokens (>=2.1.0)", "coverage", "coverage-enable-subprocess", "ipython", "littleutils", "pytest", "rich"]

[[package]]
name = "ezdxf"
version = "1.2.0"
description = "A Python package to create/manipulate DXF drawings."
optional = false
python-versions = ">=3.9"
files = [
    {file = "ezdxf-1.2.0-cp310-cp310-macosx_10_9_universal2.whl", hash = "sha256:2e1d838f39e84b4e3f0d9af73c9ba7f28453e7c793be1c9c6caadf60164b7016"},
    {file = "ezdxf-1.2.0-cp310-cp310-macosx_10_9_x86_64.whl", hash = "sha256:027597f128504dc13b9d0cf720f0fe1a4540fc4e07c1b5f9d2dbbb46fa40936b"},
    {file = "ezdxf-1.2.0-cp310-cp310-macosx_11_0_arm64.whl", hash = "sha256:ae44c062769e11914082f89db098dd02807a61c0a4cec4561457b2766d90e2e6"},
    {file = "ezdxf-1.2.0-cp310-cp310-manylinux_2_17_aarch64.manylinux2014_aarch64.whl", hash = "sha256:12578384a2bfb5420e8baa24ef03bd4ffe1ad7c6b8620119a3773252d49db4b3"},
    {file = "ezdxf-1.2.0-cp310-cp310-manylinux_2_17_x86_64.manylinux2014_x86_64.whl", hash = "sha256:2fb1853ea3cb3032cc94968b4c7c15cbcdda59a3d596f95571cfb2370251c555"},
    {file = "ezdxf-1.2.0-cp310-cp310-musllinux_1_1_aarch64.whl", hash = "sha256:ac31830e9200f6d3f4b16343a7eb1f0adc6b8b712b27008df04d658a2f7b2c22"},
    {file = "ezdxf-1.2.0-cp310-cp310-musllinux_1_1_x86_64.whl", hash = "sha256:249d62932fef8f223d2c4fa59c3385a0c35aebd0f8183257c0faac79a9909868"},
    {file = "ezdxf-1.2.0-cp310-cp310-win_amd64.whl", hash = "sha256:ecfcafd596486873bfe044fab4be3a26c403e5fad10ed57e7309f5e34e77a809"},
    {file = "ezdxf-1.2.0-cp311-cp311-macosx_10_9_universal2.whl", hash = "sha256:bc2ec8da9d2578a31942a7c038f2f3208b397fb51f359dbc6cf176ae76a16693"},
    {file = "ezdxf-1.2.0-cp311-cp311-macosx_10_9_x86_64.whl", hash = "sha256:4a70bec89cdc9e66025f2a71667b18ffdf005b8d4a2c6ad78b2d647555e4bb27"},
    {file = "ezdxf-1.2.0-cp311-cp311-macosx_11_0_arm64.whl", hash = "sha256:6f2d09b85c47c5b54fd95eb2b0d6b70df7b469a83a02b67fd003e55f36b0872d"},
    {file = "ezdxf-1.2.0-cp311-cp311-manylinux_2_17_aarch64.manylinux2014_aarch64.whl", hash = "sha256:2c18a1cc5b6f094f98bbebda4212d6c3fbf1c40f2351d298955e26f770394c77"},
    {file = "ezdxf-1.2.0-cp311-cp311-manylinux_2_17_x86_64.manylinux2014_x86_64.whl", hash = "sha256:98fb974c2de051cd85f003f35a61389cd2c499200633d9b073d8c511921154f2"},
    {file = "ezdxf-1.2.0-cp311-cp311-musllinux_1_1_aarch64.whl", hash = "sha256:d228bf5b6d7ddb45f0e40184e7ca64e2a071420c1a81a02e5d12c8e0fd8358a7"},
    {file = "ezdxf-1.2.0-cp311-cp311-musllinux_1_1_x86_64.whl", hash = "sha256:4540f4a3efb52418bd514968268431b8c64ea1ecb9b5bb253d844cd361b60c13"},
    {file = "ezdxf-1.2.0-cp311-cp311-win_amd64.whl", hash = "sha256:1afa02f7a1ce9d7a9c33ad4f2b67153b00e7004387bfcd4c31437273fe680466"},
    {file = "ezdxf-1.2.0-cp312-cp312-macosx_10_9_universal2.whl", hash = "sha256:de52f8b5acdd27780ef063cf5062459f164a45b00169dc616c4f4368d1f980da"},
    {file = "ezdxf-1.2.0-cp312-cp312-macosx_10_9_x86_64.whl", hash = "sha256:dd77982827c7cf6b064f84b8d043e1ac7ca9aba9deddb6729437995a4c7a2539"},
    {file = "ezdxf-1.2.0-cp312-cp312-macosx_11_0_arm64.whl", hash = "sha256:4641222751e451ff1af85318adaa95b21c309c7ae94fd7db783afa4dbbcf8aec"},
    {file = "ezdxf-1.2.0-cp312-cp312-manylinux_2_17_aarch64.manylinux2014_aarch64.whl", hash = "sha256:5fcac2fec3ee693313530feca156048f43351ba49f8e83c1e56cb3e25033cba8"},
    {file = "ezdxf-1.2.0-cp312-cp312-manylinux_2_17_x86_64.manylinux2014_x86_64.whl", hash = "sha256:5f49f9dca916ddf03bef6a4fbbea72184d672d9b32f3c2a86e9b11b6c509e2da"},
    {file = "ezdxf-1.2.0-cp312-cp312-musllinux_1_1_aarch64.whl", hash = "sha256:bc608e62ef16a7ebc16ff127845f2f92faf41733981605209eed1057e0f6d273"},
    {file = "ezdxf-1.2.0-cp312-cp312-musllinux_1_1_x86_64.whl", hash = "sha256:d48152512b0ee8b462bdd7ae08553c1c2ee680aa7b77a02b83c3ad1adc2db81a"},
    {file = "ezdxf-1.2.0-cp312-cp312-win_amd64.whl", hash = "sha256:0f6ad07bc19bbf74405b5a3cfe434b175a7cb20a9a9bd6cbae2eabb21fe057f2"},
    {file = "ezdxf-1.2.0-cp39-cp39-macosx_10_9_universal2.whl", hash = "sha256:876d77f2bbf7483cab20b2ac89523d2527aab2bbcb669a235d4e463a712445f7"},
    {file = "ezdxf-1.2.0-cp39-cp39-macosx_10_9_x86_64.whl", hash = "sha256:a89cdec279e3a24989416329778170bbab863d495a443d7a803383341a12fcd2"},
    {file = "ezdxf-1.2.0-cp39-cp39-macosx_11_0_arm64.whl", hash = "sha256:8582d204935c64f1f8565123e4a7fce6f9ca00af077176ff7304e26d1284af30"},
    {file = "ezdxf-1.2.0-cp39-cp39-manylinux_2_17_aarch64.manylinux2014_aarch64.whl", hash = "sha256:7890f9c759a3f3d8507efbc7e24290a4bf5f8b1fa0a66082e9be4d79daae7792"},
    {file = "ezdxf-1.2.0-cp39-cp39-manylinux_2_5_x86_64.manylinux1_x86_64.manylinux_2_12_x86_64.manylinux2010_x86_64.whl", hash = "sha256:cbe01ab4c43edafa78e022f397c2270f49ced66bac74d3515243c6e33b049314"},
    {file = "ezdxf-1.2.0-cp39-cp39-musllinux_1_1_aarch64.whl", hash = "sha256:442dd36ae36ec6853898f3a8081999b68ed80c906a14f393b360b1441fa3f452"},
    {file = "ezdxf-1.2.0-cp39-cp39-musllinux_1_1_x86_64.whl", hash = "sha256:2a5f2f5e2cf8d8ac3b4ddf7414ca25ae575c2c8a7d0ac59d106c9a6b9741ecef"},
    {file = "ezdxf-1.2.0-cp39-cp39-win_amd64.whl", hash = "sha256:67b844e21d5b174e5075136cf0e00c710d3333f1be0b41c889a56bfee984ead8"},
    {file = "ezdxf-1.2.0-py3-none-any.whl", hash = "sha256:549b5714543cba8665c6f0fb1f269ab03270f2339eb22cd40fd35b1dbc22e4a4"},
    {file = "ezdxf-1.2.0.zip", hash = "sha256:a34748ac31d414387dab72ecf819b1422b44d43b094045a5235f2ad268882942"},
]

[package.dependencies]
fonttools = "*"
numpy = "*"
pyparsing = ">=2.0.1"
typing-extensions = ">=4.6.0"

[package.extras]
dev = ["Cython", "Pillow", "PyMuPDF (>=1.20.0)", "PySide6", "matplotlib", "pytest", "setuptools", "wheel"]
dev5 = ["Cython", "Pillow", "PyMuPDF (>=1.20.0)", "PyQt5", "matplotlib", "pytest", "setuptools", "wheel"]
draw = ["Pillow", "PyMuPDF (>=1.20.0)", "PySide6", "matplotlib"]
draw5 = ["Pillow", "PyMuPDF (>=1.20.0)", "PyQt5", "matplotlib"]

[[package]]
name = "fonttools"
version = "4.51.0"
description = "Tools to manipulate font files"
optional = false
python-versions = ">=3.8"
files = [
    {file = "fonttools-4.51.0-cp310-cp310-macosx_10_9_universal2.whl", hash = "sha256:84d7751f4468dd8cdd03ddada18b8b0857a5beec80bce9f435742abc9a851a74"},
    {file = "fonttools-4.51.0-cp310-cp310-macosx_10_9_x86_64.whl", hash = "sha256:8b4850fa2ef2cfbc1d1f689bc159ef0f45d8d83298c1425838095bf53ef46308"},
    {file = "fonttools-4.51.0-cp310-cp310-manylinux_2_17_aarch64.manylinux2014_aarch64.whl", hash = "sha256:b5b48a1121117047d82695d276c2af2ee3a24ffe0f502ed581acc2673ecf1037"},
    {file = "fonttools-4.51.0-cp310-cp310-manylinux_2_17_x86_64.manylinux2014_x86_64.whl", hash = "sha256:180194c7fe60c989bb627d7ed5011f2bef1c4d36ecf3ec64daec8302f1ae0716"},
    {file = "fonttools-4.51.0-cp310-cp310-musllinux_1_1_aarch64.whl", hash = "sha256:96a48e137c36be55e68845fc4284533bda2980f8d6f835e26bca79d7e2006438"},
    {file = "fonttools-4.51.0-cp310-cp310-musllinux_1_1_x86_64.whl", hash = "sha256:806e7912c32a657fa39d2d6eb1d3012d35f841387c8fc6cf349ed70b7c340039"},
    {file = "fonttools-4.51.0-cp310-cp310-win32.whl", hash = "sha256:32b17504696f605e9e960647c5f64b35704782a502cc26a37b800b4d69ff3c77"},
    {file = "fonttools-4.51.0-cp310-cp310-win_amd64.whl", hash = "sha256:c7e91abdfae1b5c9e3a543f48ce96013f9a08c6c9668f1e6be0beabf0a569c1b"},
    {file = "fonttools-4.51.0-cp311-cp311-macosx_10_9_universal2.whl", hash = "sha256:a8feca65bab31479d795b0d16c9a9852902e3a3c0630678efb0b2b7941ea9c74"},
    {file = "fonttools-4.51.0-cp311-cp311-macosx_10_9_x86_64.whl", hash = "sha256:8ac27f436e8af7779f0bb4d5425aa3535270494d3bc5459ed27de3f03151e4c2"},
    {file = "fonttools-4.51.0-cp311-cp311-manylinux_2_17_aarch64.manylinux2014_aarch64.whl", hash = "sha256:0e19bd9e9964a09cd2433a4b100ca7f34e34731e0758e13ba9a1ed6e5468cc0f"},
    {file = "fonttools-4.51.0-cp311-cp311-manylinux_2_17_x86_64.manylinux2014_x86_64.whl", hash = "sha256:b2b92381f37b39ba2fc98c3a45a9d6383bfc9916a87d66ccb6553f7bdd129097"},
    {file = "fonttools-4.51.0-cp311-cp311-musllinux_1_1_aarch64.whl", hash = "sha256:5f6bc991d1610f5c3bbe997b0233cbc234b8e82fa99fc0b2932dc1ca5e5afec0"},
    {file = "fonttools-4.51.0-cp311-cp311-musllinux_1_1_x86_64.whl", hash = "sha256:9696fe9f3f0c32e9a321d5268208a7cc9205a52f99b89479d1b035ed54c923f1"},
    {file = "fonttools-4.51.0-cp311-cp311-win32.whl", hash = "sha256:3bee3f3bd9fa1d5ee616ccfd13b27ca605c2b4270e45715bd2883e9504735034"},
    {file = "fonttools-4.51.0-cp311-cp311-win_amd64.whl", hash = "sha256:0f08c901d3866a8905363619e3741c33f0a83a680d92a9f0e575985c2634fcc1"},
    {file = "fonttools-4.51.0-cp312-cp312-macosx_10_9_universal2.whl", hash = "sha256:4060acc2bfa2d8e98117828a238889f13b6f69d59f4f2d5857eece5277b829ba"},
    {file = "fonttools-4.51.0-cp312-cp312-macosx_10_9_x86_64.whl", hash = "sha256:1250e818b5f8a679ad79660855528120a8f0288f8f30ec88b83db51515411fcc"},
    {file = "fonttools-4.51.0-cp312-cp312-manylinux_2_17_aarch64.manylinux2014_aarch64.whl", hash = "sha256:76f1777d8b3386479ffb4a282e74318e730014d86ce60f016908d9801af9ca2a"},
    {file = "fonttools-4.51.0-cp312-cp312-manylinux_2_5_x86_64.manylinux1_x86_64.manylinux_2_17_x86_64.manylinux2014_x86_64.whl", hash = "sha256:8b5ad456813d93b9c4b7ee55302208db2b45324315129d85275c01f5cb7e61a2"},
    {file = "fonttools-4.51.0-cp312-cp312-musllinux_1_1_aarch64.whl", hash = "sha256:68b3fb7775a923be73e739f92f7e8a72725fd333eab24834041365d2278c3671"},
    {file = "fonttools-4.51.0-cp312-cp312-musllinux_1_1_x86_64.whl", hash = "sha256:8e2f1a4499e3b5ee82c19b5ee57f0294673125c65b0a1ff3764ea1f9db2f9ef5"},
    {file = "fonttools-4.51.0-cp312-cp312-win32.whl", hash = "sha256:278e50f6b003c6aed19bae2242b364e575bcb16304b53f2b64f6551b9c000e15"},
    {file = "fonttools-4.51.0-cp312-cp312-win_amd64.whl", hash = "sha256:b3c61423f22165541b9403ee39874dcae84cd57a9078b82e1dce8cb06b07fa2e"},
    {file = "fonttools-4.51.0-cp38-cp38-macosx_10_9_universal2.whl", hash = "sha256:1621ee57da887c17312acc4b0e7ac30d3a4fb0fec6174b2e3754a74c26bbed1e"},
    {file = "fonttools-4.51.0-cp38-cp38-macosx_10_9_x86_64.whl", hash = "sha256:e9d9298be7a05bb4801f558522adbe2feea1b0b103d5294ebf24a92dd49b78e5"},
    {file = "fonttools-4.51.0-cp38-cp38-manylinux_2_17_aarch64.manylinux2014_aarch64.whl", hash = "sha256:ee1af4be1c5afe4c96ca23badd368d8dc75f611887fb0c0dac9f71ee5d6f110e"},
    {file = "fonttools-4.51.0-cp38-cp38-manylinux_2_17_x86_64.manylinux2014_x86_64.whl", hash = "sha256:c18b49adc721a7d0b8dfe7c3130c89b8704baf599fb396396d07d4aa69b824a1"},
    {file = "fonttools-4.51.0-cp38-cp38-musllinux_1_1_aarch64.whl", hash = "sha256:de7c29bdbdd35811f14493ffd2534b88f0ce1b9065316433b22d63ca1cd21f14"},
    {file = "fonttools-4.51.0-cp38-cp38-musllinux_1_1_x86_64.whl", hash = "sha256:cadf4e12a608ef1d13e039864f484c8a968840afa0258b0b843a0556497ea9ed"},
    {file = "fonttools-4.51.0-cp38-cp38-win32.whl", hash = "sha256:aefa011207ed36cd280babfaa8510b8176f1a77261833e895a9d96e57e44802f"},
    {file = "fonttools-4.51.0-cp38-cp38-win_amd64.whl", hash = "sha256:865a58b6e60b0938874af0968cd0553bcd88e0b2cb6e588727117bd099eef836"},
    {file = "fonttools-4.51.0-cp39-cp39-macosx_10_9_universal2.whl", hash = "sha256:60a3409c9112aec02d5fb546f557bca6efa773dcb32ac147c6baf5f742e6258b"},
    {file = "fonttools-4.51.0-cp39-cp39-macosx_10_9_x86_64.whl", hash = "sha256:f7e89853d8bea103c8e3514b9f9dc86b5b4120afb4583b57eb10dfa5afbe0936"},
    {file = "fonttools-4.51.0-cp39-cp39-manylinux_2_17_aarch64.manylinux2014_aarch64.whl", hash = "sha256:56fc244f2585d6c00b9bcc59e6593e646cf095a96fe68d62cd4da53dd1287b55"},
    {file = "fonttools-4.51.0-cp39-cp39-manylinux_2_17_x86_64.manylinux2014_x86_64.whl", hash = "sha256:0d145976194a5242fdd22df18a1b451481a88071feadf251221af110ca8f00ce"},
    {file = "fonttools-4.51.0-cp39-cp39-musllinux_1_1_aarch64.whl", hash = "sha256:c5b8cab0c137ca229433570151b5c1fc6af212680b58b15abd797dcdd9dd5051"},
    {file = "fonttools-4.51.0-cp39-cp39-musllinux_1_1_x86_64.whl", hash = "sha256:54dcf21a2f2d06ded676e3c3f9f74b2bafded3a8ff12f0983160b13e9f2fb4a7"},
    {file = "fonttools-4.51.0-cp39-cp39-win32.whl", hash = "sha256:0118ef998a0699a96c7b28457f15546815015a2710a1b23a7bf6c1be60c01636"},
    {file = "fonttools-4.51.0-cp39-cp39-win_amd64.whl", hash = "sha256:599bdb75e220241cedc6faebfafedd7670335d2e29620d207dd0378a4e9ccc5a"},
    {file = "fonttools-4.51.0-py3-none-any.whl", hash = "sha256:15c94eeef6b095831067f72c825eb0e2d48bb4cea0647c1b05c981ecba2bf39f"},
    {file = "fonttools-4.51.0.tar.gz", hash = "sha256:dc0673361331566d7a663d7ce0f6fdcbfbdc1f59c6e3ed1165ad7202ca183c68"},
]

[package.extras]
all = ["brotli (>=1.0.1)", "brotlicffi (>=0.8.0)", "fs (>=2.2.0,<3)", "lxml (>=4.0)", "lz4 (>=1.7.4.2)", "matplotlib", "munkres", "pycairo", "scipy", "skia-pathops (>=0.5.0)", "sympy", "uharfbuzz (>=0.23.0)", "unicodedata2 (>=15.1.0)", "xattr", "zopfli (>=0.1.4)"]
graphite = ["lz4 (>=1.7.4.2)"]
interpolatable = ["munkres", "pycairo", "scipy"]
lxml = ["lxml (>=4.0)"]
pathops = ["skia-pathops (>=0.5.0)"]
plot = ["matplotlib"]
repacker = ["uharfbuzz (>=0.23.0)"]
symfont = ["sympy"]
type1 = ["xattr"]
ufo = ["fs (>=2.2.0,<3)"]
unicode = ["unicodedata2 (>=15.1.0)"]
woff = ["brotli (>=1.0.1)", "brotlicffi (>=0.8.0)", "zopfli (>=0.1.4)"]

[[package]]
name = "ipython"
version = "8.23.0"
description = "IPython: Productive Interactive Computing"
optional = false
python-versions = ">=3.10"
files = [
    {file = "ipython-8.23.0-py3-none-any.whl", hash = "sha256:07232af52a5ba146dc3372c7bf52a0f890a23edf38d77caef8d53f9cdc2584c1"},
    {file = "ipython-8.23.0.tar.gz", hash = "sha256:7468edaf4f6de3e1b912e57f66c241e6fd3c7099f2ec2136e239e142e800274d"},
]

[package.dependencies]
colorama = {version = "*", markers = "sys_platform == \"win32\""}
decorator = "*"
exceptiongroup = {version = "*", markers = "python_version < \"3.11\""}
jedi = ">=0.16"
matplotlib-inline = "*"
pexpect = {version = ">4.3", markers = "sys_platform != \"win32\" and sys_platform != \"emscripten\""}
prompt-toolkit = ">=3.0.41,<3.1.0"
pygments = ">=2.4.0"
stack-data = "*"
traitlets = ">=5.13.0"
typing-extensions = {version = "*", markers = "python_version < \"3.12\""}

[package.extras]
all = ["ipython[black,doc,kernel,matplotlib,nbconvert,nbformat,notebook,parallel,qtconsole]", "ipython[test,test-extra]"]
black = ["black"]
doc = ["docrepr", "exceptiongroup", "ipykernel", "ipython[test]", "matplotlib", "setuptools (>=18.5)", "sphinx (>=1.3)", "sphinx-rtd-theme", "sphinxcontrib-jquery", "stack-data", "typing-extensions"]
kernel = ["ipykernel"]
matplotlib = ["matplotlib"]
nbconvert = ["nbconvert"]
nbformat = ["nbformat"]
notebook = ["ipywidgets", "notebook"]
parallel = ["ipyparallel"]
qtconsole = ["qtconsole"]
test = ["pickleshare", "pytest (<8)", "pytest-asyncio (<0.22)", "testpath"]
test-extra = ["curio", "ipython[test]", "matplotlib (!=3.2.0)", "nbformat", "numpy (>=1.23)", "pandas", "trio"]

[[package]]
name = "jedi"
version = "0.19.1"
description = "An autocompletion tool for Python that can be used for text editors."
optional = false
python-versions = ">=3.6"
files = [
    {file = "jedi-0.19.1-py2.py3-none-any.whl", hash = "sha256:e983c654fe5c02867aef4cdfce5a2fbb4a50adc0af145f70504238f18ef5e7e0"},
    {file = "jedi-0.19.1.tar.gz", hash = "sha256:cf0496f3651bc65d7174ac1b7d043eff454892c708a87d1b683e57b569927ffd"},
]

[package.dependencies]
parso = ">=0.8.3,<0.9.0"

[package.extras]
docs = ["Jinja2 (==2.11.3)", "MarkupSafe (==1.1.1)", "Pygments (==2.8.1)", "alabaster (==0.7.12)", "babel (==2.9.1)", "chardet (==4.0.0)", "commonmark (==0.8.1)", "docutils (==0.17.1)", "future (==0.18.2)", "idna (==2.10)", "imagesize (==1.2.0)", "mock (==1.0.1)", "packaging (==20.9)", "pyparsing (==2.4.7)", "pytz (==2021.1)", "readthedocs-sphinx-ext (==2.1.4)", "recommonmark (==0.5.0)", "requests (==2.25.1)", "six (==1.15.0)", "snowballstemmer (==2.1.0)", "sphinx (==1.8.5)", "sphinx-rtd-theme (==0.4.3)", "sphinxcontrib-serializinghtml (==1.1.4)", "sphinxcontrib-websupport (==1.2.4)", "urllib3 (==1.26.4)"]
qa = ["flake8 (==5.0.4)", "mypy (==0.971)", "types-setuptools (==67.2.0.1)"]
testing = ["Django", "attrs", "colorama", "docopt", "pytest (<7.0.0)"]

[[package]]
name = "matplotlib-inline"
version = "0.1.7"
description = "Inline Matplotlib backend for Jupyter"
optional = false
python-versions = ">=3.8"
files = [
    {file = "matplotlib_inline-0.1.7-py3-none-any.whl", hash = "sha256:df192d39a4ff8f21b1895d72e6a13f5fcc5099f00fa84384e0ea28c2cc0653ca"},
    {file = "matplotlib_inline-0.1.7.tar.gz", hash = "sha256:8423b23ec666be3d16e16b60bdd8ac4e86e840ebd1dd11a30b9f117f2fa0ab90"},
]

[package.dependencies]
traitlets = "*"

[[package]]
name = "numpy"
version = "1.26.4"
description = "Fundamental package for array computing in Python"
optional = false
python-versions = ">=3.9"
files = [
    {file = "numpy-1.26.4-cp310-cp310-macosx_10_9_x86_64.whl", hash = "sha256:9ff0f4f29c51e2803569d7a51c2304de5554655a60c5d776e35b4a41413830d0"},
    {file = "numpy-1.26.4-cp310-cp310-macosx_11_0_arm64.whl", hash = "sha256:2e4ee3380d6de9c9ec04745830fd9e2eccb3e6cf790d39d7b98ffd19b0dd754a"},
    {file = "numpy-1.26.4-cp310-cp310-manylinux_2_17_aarch64.manylinux2014_aarch64.whl", hash = "sha256:d209d8969599b27ad20994c8e41936ee0964e6da07478d6c35016bc386b66ad4"},
    {file = "numpy-1.26.4-cp310-cp310-manylinux_2_17_x86_64.manylinux2014_x86_64.whl", hash = "sha256:ffa75af20b44f8dba823498024771d5ac50620e6915abac414251bd971b4529f"},
    {file = "numpy-1.26.4-cp310-cp310-musllinux_1_1_aarch64.whl", hash = "sha256:62b8e4b1e28009ef2846b4c7852046736bab361f7aeadeb6a5b89ebec3c7055a"},
    {file = "numpy-1.26.4-cp310-cp310-musllinux_1_1_x86_64.whl", hash = "sha256:a4abb4f9001ad2858e7ac189089c42178fcce737e4169dc61321660f1a96c7d2"},
    {file = "numpy-1.26.4-cp310-cp310-win32.whl", hash = "sha256:bfe25acf8b437eb2a8b2d49d443800a5f18508cd811fea3181723922a8a82b07"},
    {file = "numpy-1.26.4-cp310-cp310-win_amd64.whl", hash = "sha256:b97fe8060236edf3662adfc2c633f56a08ae30560c56310562cb4f95500022d5"},
    {file = "numpy-1.26.4-cp311-cp311-macosx_10_9_x86_64.whl", hash = "sha256:4c66707fabe114439db9068ee468c26bbdf909cac0fb58686a42a24de1760c71"},
    {file = "numpy-1.26.4-cp311-cp311-macosx_11_0_arm64.whl", hash = "sha256:edd8b5fe47dab091176d21bb6de568acdd906d1887a4584a15a9a96a1dca06ef"},
    {file = "numpy-1.26.4-cp311-cp311-manylinux_2_17_aarch64.manylinux2014_aarch64.whl", hash = "sha256:7ab55401287bfec946ced39700c053796e7cc0e3acbef09993a9ad2adba6ca6e"},
    {file = "numpy-1.26.4-cp311-cp311-manylinux_2_17_x86_64.manylinux2014_x86_64.whl", hash = "sha256:666dbfb6ec68962c033a450943ded891bed2d54e6755e35e5835d63f4f6931d5"},
    {file = "numpy-1.26.4-cp311-cp311-musllinux_1_1_aarch64.whl", hash = "sha256:96ff0b2ad353d8f990b63294c8986f1ec3cb19d749234014f4e7eb0112ceba5a"},
    {file = "numpy-1.26.4-cp311-cp311-musllinux_1_1_x86_64.whl", hash = "sha256:60dedbb91afcbfdc9bc0b1f3f402804070deed7392c23eb7a7f07fa857868e8a"},
    {file = "numpy-1.26.4-cp311-cp311-win32.whl", hash = "sha256:1af303d6b2210eb850fcf03064d364652b7120803a0b872f5211f5234b399f20"},
    {file = "numpy-1.26.4-cp311-cp311-win_amd64.whl", hash = "sha256:cd25bcecc4974d09257ffcd1f098ee778f7834c3ad767fe5db785be9a4aa9cb2"},
    {file = "numpy-1.26.4-cp312-cp312-macosx_10_9_x86_64.whl", hash = "sha256:b3ce300f3644fb06443ee2222c2201dd3a89ea6040541412b8fa189341847218"},
    {file = "numpy-1.26.4-cp312-cp312-macosx_11_0_arm64.whl", hash = "sha256:03a8c78d01d9781b28a6989f6fa1bb2c4f2d51201cf99d3dd875df6fbd96b23b"},
    {file = "numpy-1.26.4-cp312-cp312-manylinux_2_17_aarch64.manylinux2014_aarch64.whl", hash = "sha256:9fad7dcb1aac3c7f0584a5a8133e3a43eeb2fe127f47e3632d43d677c66c102b"},
    {file = "numpy-1.26.4-cp312-cp312-manylinux_2_17_x86_64.manylinux2014_x86_64.whl", hash = "sha256:675d61ffbfa78604709862923189bad94014bef562cc35cf61d3a07bba02a7ed"},
    {file = "numpy-1.26.4-cp312-cp312-musllinux_1_1_aarch64.whl", hash = "sha256:ab47dbe5cc8210f55aa58e4805fe224dac469cde56b9f731a4c098b91917159a"},
    {file = "numpy-1.26.4-cp312-cp312-musllinux_1_1_x86_64.whl", hash = "sha256:1dda2e7b4ec9dd512f84935c5f126c8bd8b9f2fc001e9f54af255e8c5f16b0e0"},
    {file = "numpy-1.26.4-cp312-cp312-win32.whl", hash = "sha256:50193e430acfc1346175fcbdaa28ffec49947a06918b7b92130744e81e640110"},
    {file = "numpy-1.26.4-cp312-cp312-win_amd64.whl", hash = "sha256:08beddf13648eb95f8d867350f6a018a4be2e5ad54c8d8caed89ebca558b2818"},
    {file = "numpy-1.26.4-cp39-cp39-macosx_10_9_x86_64.whl", hash = "sha256:7349ab0fa0c429c82442a27a9673fc802ffdb7c7775fad780226cb234965e53c"},
    {file = "numpy-1.26.4-cp39-cp39-macosx_11_0_arm64.whl", hash = "sha256:52b8b60467cd7dd1e9ed082188b4e6bb35aa5cdd01777621a1658910745b90be"},
    {file = "numpy-1.26.4-cp39-cp39-manylinux_2_17_aarch64.manylinux2014_aarch64.whl", hash = "sha256:d5241e0a80d808d70546c697135da2c613f30e28251ff8307eb72ba696945764"},
    {file = "numpy-1.26.4-cp39-cp39-manylinux_2_17_x86_64.manylinux2014_x86_64.whl", hash = "sha256:f870204a840a60da0b12273ef34f7051e98c3b5961b61b0c2c1be6dfd64fbcd3"},
    {file = "numpy-1.26.4-cp39-cp39-musllinux_1_1_aarch64.whl", hash = "sha256:679b0076f67ecc0138fd2ede3a8fd196dddc2ad3254069bcb9faf9a79b1cebcd"},
    {file = "numpy-1.26.4-cp39-cp39-musllinux_1_1_x86_64.whl", hash = "sha256:47711010ad8555514b434df65f7d7b076bb8261df1ca9bb78f53d3b2db02e95c"},
    {file = "numpy-1.26.4-cp39-cp39-win32.whl", hash = "sha256:a354325ee03388678242a4d7ebcd08b5c727033fcff3b2f536aea978e15ee9e6"},
    {file = "numpy-1.26.4-cp39-cp39-win_amd64.whl", hash = "sha256:3373d5d70a5fe74a2c1bb6d2cfd9609ecf686d47a2d7b1d37a8f3b6bf6003aea"},
    {file = "numpy-1.26.4-pp39-pypy39_pp73-macosx_10_9_x86_64.whl", hash = "sha256:afedb719a9dcfc7eaf2287b839d8198e06dcd4cb5d276a3df279231138e83d30"},
    {file = "numpy-1.26.4-pp39-pypy39_pp73-manylinux_2_17_x86_64.manylinux2014_x86_64.whl", hash = "sha256:95a7476c59002f2f6c590b9b7b998306fba6a5aa646b1e22ddfeaf8f78c3a29c"},
    {file = "numpy-1.26.4-pp39-pypy39_pp73-win_amd64.whl", hash = "sha256:7e50d0a0cc3189f9cb0aeb3a6a6af18c16f59f004b866cd2be1c14b36134a4a0"},
    {file = "numpy-1.26.4.tar.gz", hash = "sha256:2a02aba9ed12e4ac4eb3ea9421c420301a0c6460d9830d74a9df87efa4912010"},
]

[[package]]
name = "numpy-stl"
version = "3.1.1"
description = "Library to make reading, writing and modifying both binary and ascii STL files easy."
optional = false
python-versions = ">3.6.0"
files = [
    {file = "numpy-stl-3.1.1.tar.gz", hash = "sha256:f78eea62c80938bf53ea914fa5b6c92f448f0eab5609e0e5a737dde039404334"},
    {file = "numpy_stl-3.1.1-py3-none-any.whl", hash = "sha256:b0b7f4455c29d26d3dc0eed894f5b17c64e4019b056d0060be48f93680f6e6d3"},
]

[package.dependencies]
numpy = "*"
python-utils = ">=3.4.5"

[[package]]
name = "ocpsvg"
version = "0.2.0"
description = ""
optional = false
python-versions = ">=3.9"
files = [
    {file = "ocpsvg-0.2.0-py3-none-any.whl", hash = "sha256:fb184df6208bfca2abced7f15c2848dac067c7ef78193882c563bf376ea0341c"},
    {file = "ocpsvg-0.2.0.tar.gz", hash = "sha256:eb564b37f624d2770f36d892904e15f661be8aa8448f3b61d7d71e0472b297ad"},
]

[package.dependencies]
cadquery-ocp = ">=7.7.0"
svgelements = ">=1.9.1,<2"
svgpathtools = ">=1.5.1,<2"

[package.extras]
dev = ["pytest"]

[[package]]
name = "parso"
version = "0.8.4"
description = "A Python Parser"
optional = false
python-versions = ">=3.6"
files = [
    {file = "parso-0.8.4-py2.py3-none-any.whl", hash = "sha256:a418670a20291dacd2dddc80c377c5c3791378ee1e8d12bffc35420643d43f18"},
    {file = "parso-0.8.4.tar.gz", hash = "sha256:eb3a7b58240fb99099a345571deecc0f9540ea5f4dd2fe14c2a99d6b281ab92d"},
]

[package.extras]
qa = ["flake8 (==5.0.4)", "mypy (==0.971)", "types-setuptools (==67.2.0.1)"]
testing = ["docopt", "pytest"]

[[package]]
name = "pexpect"
version = "4.9.0"
description = "Pexpect allows easy control of interactive console applications."
optional = false
python-versions = "*"
files = [
    {file = "pexpect-4.9.0-py2.py3-none-any.whl", hash = "sha256:7236d1e080e4936be2dc3e326cec0af72acf9212a7e1d060210e70a47e253523"},
    {file = "pexpect-4.9.0.tar.gz", hash = "sha256:ee7d41123f3c9911050ea2c2dac107568dc43b2d3b0c7557a33212c398ead30f"},
]

[package.dependencies]
ptyprocess = ">=0.5"

[[package]]
name = "prompt-toolkit"
version = "3.0.43"
description = "Library for building powerful interactive command lines in Python"
optional = false
python-versions = ">=3.7.0"
files = [
    {file = "prompt_toolkit-3.0.43-py3-none-any.whl", hash = "sha256:a11a29cb3bf0a28a387fe5122cdb649816a957cd9261dcedf8c9f1fef33eacf6"},
    {file = "prompt_toolkit-3.0.43.tar.gz", hash = "sha256:3527b7af26106cbc65a040bcc84839a3566ec1b051bb0bfe953631e704b0ff7d"},
]

[package.dependencies]
wcwidth = "*"

[[package]]
name = "ptyprocess"
version = "0.7.0"
description = "Run a subprocess in a pseudo terminal"
optional = false
python-versions = "*"
files = [
    {file = "ptyprocess-0.7.0-py2.py3-none-any.whl", hash = "sha256:4b41f3967fce3af57cc7e94b888626c18bf37a083e3651ca8feeb66d492fef35"},
    {file = "ptyprocess-0.7.0.tar.gz", hash = "sha256:5c5d0a3b48ceee0b48485e0c26037c0acd7d29765ca3fbb5cb3831d347423220"},
]

[[package]]
name = "pure-eval"
version = "0.2.2"
description = "Safely evaluate AST nodes without side effects"
optional = false
python-versions = "*"
files = [
    {file = "pure_eval-0.2.2-py3-none-any.whl", hash = "sha256:01eaab343580944bc56080ebe0a674b39ec44a945e6d09ba7db3cb8cec289350"},
    {file = "pure_eval-0.2.2.tar.gz", hash = "sha256:2b45320af6dfaa1750f543d714b6d1c520a1688dec6fd24d339063ce0aaa9ac3"},
]

[package.extras]
tests = ["pytest"]

[[package]]
name = "py-lib3mf"
version = "2.3.1"
description = "A python package for Lib3MF tools"
optional = false
python-versions = ">=3.9"
files = [
    {file = "py_lib3mf-2.3.1-py3-none-any.whl", hash = "sha256:86a870ef386debba9b74683d3a08125a34c153aaa65e967f61677cc5a0a65e24"},
]

[[package]]
name = "pygments"
version = "2.17.2"
description = "Pygments is a syntax highlighting package written in Python."
optional = false
python-versions = ">=3.7"
files = [
    {file = "pygments-2.17.2-py3-none-any.whl", hash = "sha256:b27c2826c47d0f3219f29554824c30c5e8945175d888647acd804ddd04af846c"},
    {file = "pygments-2.17.2.tar.gz", hash = "sha256:da46cec9fd2de5be3a8a784f434e4c4ab670b4ff54d605c4c2717e9d49c4c367"},
]

[package.extras]
plugins = ["importlib-metadata"]
windows-terminal = ["colorama (>=0.4.6)"]

[[package]]
name = "pyparsing"
version = "3.1.2"
description = "pyparsing module - Classes and methods to define and execute parsing grammars"
optional = false
python-versions = ">=3.6.8"
files = [
    {file = "pyparsing-3.1.2-py3-none-any.whl", hash = "sha256:f9db75911801ed778fe61bb643079ff86601aca99fcae6345aa67292038fb742"},
    {file = "pyparsing-3.1.2.tar.gz", hash = "sha256:a1bac0ce561155ecc3ed78ca94d3c9378656ad4c94c1270de543f621420f94ad"},
]

[package.extras]
diagrams = ["jinja2", "railroad-diagrams"]

[[package]]
name = "python-utils"
version = "3.8.2"
description = "Python Utils is a module with some convenient utilities not included with the standard Python install"
optional = false
python-versions = ">3.8.0"
files = [
    {file = "python-utils-3.8.2.tar.gz", hash = "sha256:c5d161e4ca58ce3f8c540f035e018850b261a41e7cb98f6ccf8e1deb7174a1f1"},
    {file = "python_utils-3.8.2-py2.py3-none-any.whl", hash = "sha256:ad0ccdbd6f856d015cace07f74828b9840b5c4072d9e868a7f6a14fd195555a8"},
]

[package.dependencies]
typing-extensions = ">3.10.0.2"

[package.extras]
docs = ["mock", "python-utils", "sphinx"]
loguru = ["loguru"]
tests = ["flake8", "loguru", "pytest", "pytest-asyncio", "pytest-cov", "pytest-mypy", "sphinx", "types-setuptools"]

[[package]]
name = "scipy"
version = "1.13.0"
description = "Fundamental algorithms for scientific computing in Python"
optional = false
python-versions = ">=3.9"
files = [
    {file = "scipy-1.13.0-cp310-cp310-macosx_10_9_x86_64.whl", hash = "sha256:ba419578ab343a4e0a77c0ef82f088238a93eef141b2b8017e46149776dfad4d"},
    {file = "scipy-1.13.0-cp310-cp310-macosx_12_0_arm64.whl", hash = "sha256:22789b56a999265431c417d462e5b7f2b487e831ca7bef5edeb56efe4c93f86e"},
    {file = "scipy-1.13.0-cp310-cp310-manylinux_2_17_aarch64.manylinux2014_aarch64.whl", hash = "sha256:05f1432ba070e90d42d7fd836462c50bf98bd08bed0aa616c359eed8a04e3922"},
    {file = "scipy-1.13.0-cp310-cp310-manylinux_2_17_x86_64.manylinux2014_x86_64.whl", hash = "sha256:b8434f6f3fa49f631fae84afee424e2483289dfc30a47755b4b4e6b07b2633a4"},
    {file = "scipy-1.13.0-cp310-cp310-musllinux_1_1_x86_64.whl", hash = "sha256:dcbb9ea49b0167de4167c40eeee6e167caeef11effb0670b554d10b1e693a8b9"},
    {file = "scipy-1.13.0-cp310-cp310-win_amd64.whl", hash = "sha256:1d2f7bb14c178f8b13ebae93f67e42b0a6b0fc50eba1cd8021c9b6e08e8fb1cd"},
    {file = "scipy-1.13.0-cp311-cp311-macosx_10_9_x86_64.whl", hash = "sha256:0fbcf8abaf5aa2dc8d6400566c1a727aed338b5fe880cde64907596a89d576fa"},
    {file = "scipy-1.13.0-cp311-cp311-macosx_12_0_arm64.whl", hash = "sha256:5e4a756355522eb60fcd61f8372ac2549073c8788f6114449b37e9e8104f15a5"},
    {file = "scipy-1.13.0-cp311-cp311-manylinux_2_17_aarch64.manylinux2014_aarch64.whl", hash = "sha256:b5acd8e1dbd8dbe38d0004b1497019b2dbbc3d70691e65d69615f8a7292865d7"},
    {file = "scipy-1.13.0-cp311-cp311-manylinux_2_17_x86_64.manylinux2014_x86_64.whl", hash = "sha256:9ff7dad5d24a8045d836671e082a490848e8639cabb3dbdacb29f943a678683d"},
    {file = "scipy-1.13.0-cp311-cp311-musllinux_1_1_x86_64.whl", hash = "sha256:4dca18c3ffee287ddd3bc8f1dabaf45f5305c5afc9f8ab9cbfab855e70b2df5c"},
    {file = "scipy-1.13.0-cp311-cp311-win_amd64.whl", hash = "sha256:a2f471de4d01200718b2b8927f7d76b5d9bde18047ea0fa8bd15c5ba3f26a1d6"},
    {file = "scipy-1.13.0-cp312-cp312-macosx_10_9_x86_64.whl", hash = "sha256:d0de696f589681c2802f9090fff730c218f7c51ff49bf252b6a97ec4a5d19e8b"},
    {file = "scipy-1.13.0-cp312-cp312-macosx_12_0_arm64.whl", hash = "sha256:b2a3ff461ec4756b7e8e42e1c681077349a038f0686132d623fa404c0bee2551"},
    {file = "scipy-1.13.0-cp312-cp312-manylinux_2_17_aarch64.manylinux2014_aarch64.whl", hash = "sha256:6bf9fe63e7a4bf01d3645b13ff2aa6dea023d38993f42aaac81a18b1bda7a82a"},
    {file = "scipy-1.13.0-cp312-cp312-manylinux_2_17_x86_64.manylinux2014_x86_64.whl", hash = "sha256:1e7626dfd91cdea5714f343ce1176b6c4745155d234f1033584154f60ef1ff42"},
    {file = "scipy-1.13.0-cp312-cp312-musllinux_1_1_x86_64.whl", hash = "sha256:109d391d720fcebf2fbe008621952b08e52907cf4c8c7efc7376822151820820"},
    {file = "scipy-1.13.0-cp312-cp312-win_amd64.whl", hash = "sha256:8930ae3ea371d6b91c203b1032b9600d69c568e537b7988a3073dfe4d4774f21"},
    {file = "scipy-1.13.0-cp39-cp39-macosx_10_9_x86_64.whl", hash = "sha256:5407708195cb38d70fd2d6bb04b1b9dd5c92297d86e9f9daae1576bd9e06f602"},
    {file = "scipy-1.13.0-cp39-cp39-macosx_12_0_arm64.whl", hash = "sha256:ac38c4c92951ac0f729c4c48c9e13eb3675d9986cc0c83943784d7390d540c78"},
    {file = "scipy-1.13.0-cp39-cp39-manylinux_2_17_aarch64.manylinux2014_aarch64.whl", hash = "sha256:09c74543c4fbeb67af6ce457f6a6a28e5d3739a87f62412e4a16e46f164f0ae5"},
    {file = "scipy-1.13.0-cp39-cp39-manylinux_2_17_x86_64.manylinux2014_x86_64.whl", hash = "sha256:28e286bf9ac422d6beb559bc61312c348ca9b0f0dae0d7c5afde7f722d6ea13d"},
    {file = "scipy-1.13.0-cp39-cp39-musllinux_1_1_x86_64.whl", hash = "sha256:33fde20efc380bd23a78a4d26d59fc8704e9b5fd9b08841693eb46716ba13d86"},
    {file = "scipy-1.13.0-cp39-cp39-win_amd64.whl", hash = "sha256:45c08bec71d3546d606989ba6e7daa6f0992918171e2a6f7fbedfa7361c2de1e"},
    {file = "scipy-1.13.0.tar.gz", hash = "sha256:58569af537ea29d3f78e5abd18398459f195546bb3be23d16677fb26616cc11e"},
]

[package.dependencies]
numpy = ">=1.22.4,<2.3"

[package.extras]
dev = ["cython-lint (>=0.12.2)", "doit (>=0.36.0)", "mypy", "pycodestyle", "pydevtool", "rich-click", "ruff", "types-psutil", "typing_extensions"]
doc = ["jupyterlite-pyodide-kernel", "jupyterlite-sphinx (>=0.12.0)", "jupytext", "matplotlib (>=3.5)", "myst-nb", "numpydoc", "pooch", "pydata-sphinx-theme (>=0.15.2)", "sphinx (>=5.0.0)", "sphinx-design (>=0.4.0)"]
test = ["array-api-strict", "asv", "gmpy2", "hypothesis (>=6.30)", "mpmath", "pooch", "pytest", "pytest-cov", "pytest-timeout", "pytest-xdist", "scikit-umfpack", "threadpoolctl"]

[[package]]
name = "six"
version = "1.16.0"
description = "Python 2 and 3 compatibility utilities"
optional = false
python-versions = ">=2.7, !=3.0.*, !=3.1.*, !=3.2.*"
files = [
    {file = "six-1.16.0-py2.py3-none-any.whl", hash = "sha256:8abb2f1d86890a2dfb989f9a77cfcfd3e47c2a354b01111771326f8aa26e0254"},
    {file = "six-1.16.0.tar.gz", hash = "sha256:1e61c37477a1626458e36f7b1d82aa5c9b094fa4802892072e49de9c60c4c926"},
]

[[package]]
name = "stack-data"
version = "0.6.3"
description = "Extract data from python stack frames and tracebacks for informative displays"
optional = false
python-versions = "*"
files = [
    {file = "stack_data-0.6.3-py3-none-any.whl", hash = "sha256:d5558e0c25a4cb0853cddad3d77da9891a08cb85dd9f9f91b9f8cd66e511e695"},
    {file = "stack_data-0.6.3.tar.gz", hash = "sha256:836a778de4fec4dcd1dcd89ed8abff8a221f58308462e1c4aa2a3cf30148f0b9"},
]

[package.dependencies]
asttokens = ">=2.1.0"
executing = ">=1.2.0"
pure-eval = "*"

[package.extras]
tests = ["cython", "littleutils", "pygments", "pytest", "typeguard"]

[[package]]
name = "svgelements"
version = "1.9.6"
description = "Svg Elements Parsing"
optional = false
python-versions = "*"
files = [
    {file = "svgelements-1.9.6-py2.py3-none-any.whl", hash = "sha256:8a5cf2cc066d98e713d5b875b1d6e5eeb9b92e855e835ebd7caab2713ae1dcad"},
    {file = "svgelements-1.9.6.tar.gz", hash = "sha256:7c02ad6404cd3d1771fd50e40fbfc0550b0893933466f86a6eb815f3ba3f37f7"},
]

[[package]]
name = "svgpathtools"
version = "1.6.1"
description = "A collection of tools for manipulating and analyzing SVG Path objects and Bezier curves."
optional = false
python-versions = "*"
files = [
    {file = "svgpathtools-1.6.1-py2.py3-none-any.whl", hash = "sha256:39967f9a817b8a12cc6dd1646fc162d522fca6c3fd5f8c94913c15ee4cb3a906"},
    {file = "svgpathtools-1.6.1.tar.gz", hash = "sha256:7054e6de1953e295bf565d535d585695453b09f8db4a2f7c4853348732097a3e"},
]

[package.dependencies]
numpy = "*"
scipy = "*"
svgwrite = "*"

[[package]]
name = "svgwrite"
version = "1.4.3"
description = "A Python library to create SVG drawings."
optional = false
python-versions = ">=3.6"
files = [
    {file = "svgwrite-1.4.3-py3-none-any.whl", hash = "sha256:bb6b2b5450f1edbfa597d924f9ac2dd099e625562e492021d7dd614f65f8a22d"},
    {file = "svgwrite-1.4.3.zip", hash = "sha256:a8fbdfd4443302a6619a7f76bc937fc683daf2628d9b737c891ec08b8ce524c3"},
]

[[package]]
name = "traitlets"
version = "5.14.3"
description = "Traitlets Python configuration system"
optional = false
python-versions = ">=3.8"
files = [
    {file = "traitlets-5.14.3-py3-none-any.whl", hash = "sha256:b74e89e397b1ed28cc831db7aea759ba6640cb3de13090ca145426688ff1ac4f"},
    {file = "traitlets-5.14.3.tar.gz", hash = "sha256:9ed0579d3502c94b4b3732ac120375cda96f923114522847de4b3bb98b96b6b7"},
]

[package.extras]
docs = ["myst-parser", "pydata-sphinx-theme", "sphinx"]
test = ["argcomplete (>=3.0.3)", "mypy (>=1.7.0)", "pre-commit", "pytest (>=7.0,<8.2)", "pytest-mock", "pytest-mypy-testing"]

[[package]]
name = "trianglesolver"
version = "1.2"
description = "Find all the sides and angles of a triangle, if you know some of the sides and/or angles. (Uses the Law of Sines and Law of Cosines.)"
optional = false
python-versions = "*"
files = [
    {file = "trianglesolver-1.2-py3-none-any.whl", hash = "sha256:aa0903c3708b4e2b496f06d490cae72c6ff6274b00d1edce420fcfa3b2b76682"},
    {file = "trianglesolver-1.2.tar.gz", hash = "sha256:4af18aade579d5c0d64389b3e65aeaf06cff26319762ccd859e3268559a76aea"},
]

[[package]]
name = "typing-extensions"
version = "4.11.0"
description = "Backported and Experimental Type Hints for Python 3.8+"
optional = false
python-versions = ">=3.8"
files = [
    {file = "typing_extensions-4.11.0-py3-none-any.whl", hash = "sha256:c1f94d72897edaf4ce775bb7558d5b79d8126906a14ea5ed1635921406c0387a"},
    {file = "typing_extensions-4.11.0.tar.gz", hash = "sha256:83f085bd5ca59c80295fc2a82ab5dac679cbe02b9f33f7d83af68e241bea51b0"},
]

[[package]]
name = "wcwidth"
version = "0.2.13"
description = "Measures the displayed width of unicode strings in a terminal"
optional = false
python-versions = "*"
files = [
    {file = "wcwidth-0.2.13-py2.py3-none-any.whl", hash = "sha256:3da69048e4540d84af32131829ff948f1e022c1c6bdb8d6102117aac784f6859"},
    {file = "wcwidth-0.2.13.tar.gz", hash = "sha256:72ea0c06399eb286d978fdedb6923a9eb47e1c486ce63e9b4e64fc18303972b5"},
]

[metadata]
lock-version = "2.0"
python-versions = "^3.10"
content-hash = "dbdbcda69233e8a6bd3fc8c9fd06fc6ce39acec889aa0242e8b3d4fc1bd16db4"
